
Microsoft Visual Studio Solution File, Format Version 12.00
# Visual Studio Version 16
VisualStudioVersion = 16.0.31313.79
MinimumVisualStudioVersion = 10.0.40219.1
Project("{FAE04EC0-301F-11D3-BF4B-00C04F79EFBC}") = "OptimizationPSO", "OptimizationPSO\OptimizationPSO.csproj", "{F10A4FE2-9585-4EF5-93A7-9B124C050898}"
EndProject
Project("{FAE04EC0-301F-11D3-BF4B-00C04F79EFBC}") = "OptimizationPSO.Tests", "OptimizationPSO.Tests\OptimizationPSO.Tests.csproj", "{E94BEF5F-FBC3-41FF-B771-EDAB623A63D0}"
EndProject
Global
	GlobalSection(SolutionConfigurationPlatforms) = preSolution
		Debug|Any CPU = Debug|Any CPU
		Release|Any CPU = Release|Any CPU
	EndGlobalSection
	GlobalSection(ProjectConfigurationPlatforms) = postSolution
		{F10A4FE2-9585-4EF5-93A7-9B124C050898}.Debug|Any CPU.ActiveCfg = Debug|Any CPU
		{F10A4FE2-9585-4EF5-93A7-9B124C050898}.Debug|Any CPU.Build.0 = Debug|Any CPU
		{F10A4FE2-9585-4EF5-93A7-9B124C050898}.Release|Any CPU.ActiveCfg = Release|Any CPU
		{F10A4FE2-9585-4EF5-93A7-9B124C050898}.Release|Any CPU.Build.0 = Release|Any CPU
		{E94BEF5F-FBC3-41FF-B771-EDAB623A63D0}.Debug|Any CPU.ActiveCfg = Debug|Any CPU
		{E94BEF5F-FBC3-41FF-B771-EDAB623A63D0}.Debug|Any CPU.Build.0 = Debug|Any CPU
		{E94BEF5F-FBC3-41FF-B771-EDAB623A63D0}.Release|Any CPU.ActiveCfg = Release|Any CPU
		{E94BEF5F-FBC3-41FF-B771-EDAB623A63D0}.Release|Any CPU.Build.0 = Release|Any CPU
	EndGlobalSection
	GlobalSection(SolutionProperties) = preSolution
		HideSolutionNode = FALSE
	EndGlobalSection
	GlobalSection(ExtensibilityGlobals) = postSolution
		SolutionGuid = {8C07A086-C11B-405B-976E-7D90F2DB0479}
	EndGlobalSection
EndGlobal
